
Microsoft Visual Studio Solution File, Format Version 12.00
# Visual Studio 15
Project("{FAE04EC0-301F-11D3-BF4B-00C04F79EFBC}") = "FactoryPattern", "FactoryPattern\FactoryPattern.csproj", "{EBC2E97C-9310-4163-9F20-D0AAB4ECE11C}"
EndProject
Global
	GlobalSection(SolutionConfigurationPlatforms) = preSolution
		Debug|Any CPU = Debug|Any CPU
		Release|Any CPU = Release|Any CPU
	EndGlobalSection
	GlobalSection(ProjectConfigurationPlatforms) = postSolution
		{EBC2E97C-9310-4163-9F20-D0AAB4ECE11C}.Debug|Any CPU.ActiveCfg = Debug|Any CPU
		{EBC2E97C-9310-4163-9F20-D0AAB4ECE11C}.Debug|Any CPU.Build.0 = Debug|Any CPU
		{EBC2E97C-9310-4163-9F20-D0AAB4ECE11C}.Release|Any CPU.ActiveCfg = Release|Any CPU
		{EBC2E97C-9310-4163-9F20-D0AAB4ECE11C}.Release|Any CPU.Build.0 = Release|Any CPU
	EndGlobalSection
EndGlobal
